
Microsoft Visual Studio Solution File, Format Version 12.00
# Visual Studio Version 16
VisualStudioVersion = 16.0.30503.244
MinimumVisualStudioVersion = 10.0.40219.1
Project("{FAE04EC0-301F-11D3-BF4B-00C04F79EFBC}") = "ScheduleCheck", "ScheduleCheck.csproj", "{65592D5D-0D1E-46E6-A4ED-0C58ECF8C564}"
EndProject
Project("{2150E333-8FDC-42A3-9474-1A3956D46DE8}") = "Solution Items", "Solution Items", "{512031AF-D2D8-4D0F-97FE-791FE96CD809}"
	ProjectSection(SolutionItems) = preProject
		.editorconfig = .editorconfig
	EndProjectSection
EndProject
Global
	GlobalSection(SolutionConfigurationPlatforms) = preSolution
		Debug|Any CPU = Debug|Any CPU
		Release|Any CPU = Release|Any CPU
	EndGlobalSection
	GlobalSection(ProjectConfigurationPlatforms) = postSolution
		{65592D5D-0D1E-46E6-A4ED-0C58ECF8C564}.Debug|Any CPU.ActiveCfg = Debug|Any CPU
		{65592D5D-0D1E-46E6-A4ED-0C58ECF8C564}.Debug|Any CPU.Build.0 = Debug|Any CPU
		{65592D5D-0D1E-46E6-A4ED-0C58ECF8C564}.Release|Any CPU.ActiveCfg = Release|Any CPU
		{65592D5D-0D1E-46E6-A4ED-0C58ECF8C564}.Release|Any CPU.Build.0 = Release|Any CPU
	EndGlobalSection
	GlobalSection(SolutionProperties) = preSolution
		HideSolutionNode = FALSE
	EndGlobalSection
	GlobalSection(ExtensibilityGlobals) = postSolution
		SolutionGuid = {F533B226-A76D-4865-B074-E1FE80018B3E}
	EndGlobalSection
EndGlobal
